
Microsoft Visual Studio Solution File, Format Version 12.00
Project("{FAE04EC0-301F-11D3-BF4B-00C04F79EFBC}") = "CurrencyConverter.Web", "CurrencyConverter.Web\CurrencyConverter.Web.csproj", "{B93BACA4-2D68-4C7D-8850-BD4606B149EB}"
EndProject
Project("{FAE04EC0-301F-11D3-BF4B-00C04F79EFBC}") = "CurrencyConverter.Core", "CurrencyConverter.Core\CurrencyConverter.Core.csproj", "{AA9A062D-9E91-4FAB-9D83-EAC54B929520}"
EndProject
Project("{FAE04EC0-301F-11D3-BF4B-00C04F79EFBC}") = "CurrencyConverter.Data", "CurrencyConverter.Data\CurrencyConverter.Data.csproj", "{ECC08EA9-8E1C-47FC-AEBC-B421425AA10A}"
EndProject
Global
	GlobalSection(SolutionConfigurationPlatforms) = preSolution
		Debug|Any CPU = Debug|Any CPU
		Release|Any CPU = Release|Any CPU
	EndGlobalSection
	GlobalSection(ProjectConfigurationPlatforms) = postSolution
		{B93BACA4-2D68-4C7D-8850-BD4606B149EB}.Debug|Any CPU.ActiveCfg = Debug|Any CPU
		{B93BACA4-2D68-4C7D-8850-BD4606B149EB}.Debug|Any CPU.Build.0 = Debug|Any CPU
		{B93BACA4-2D68-4C7D-8850-BD4606B149EB}.Release|Any CPU.ActiveCfg = Release|Any CPU
		{B93BACA4-2D68-4C7D-8850-BD4606B149EB}.Release|Any CPU.Build.0 = Release|Any CPU
		{AA9A062D-9E91-4FAB-9D83-EAC54B929520}.Debug|Any CPU.ActiveCfg = Debug|Any CPU
		{AA9A062D-9E91-4FAB-9D83-EAC54B929520}.Debug|Any CPU.Build.0 = Debug|Any CPU
		{AA9A062D-9E91-4FAB-9D83-EAC54B929520}.Release|Any CPU.ActiveCfg = Release|Any CPU
		{AA9A062D-9E91-4FAB-9D83-EAC54B929520}.Release|Any CPU.Build.0 = Release|Any CPU
		{ECC08EA9-8E1C-47FC-AEBC-B421425AA10A}.Debug|Any CPU.ActiveCfg = Debug|Any CPU
		{ECC08EA9-8E1C-47FC-AEBC-B421425AA10A}.Debug|Any CPU.Build.0 = Debug|Any CPU
		{ECC08EA9-8E1C-47FC-AEBC-B421425AA10A}.Release|Any CPU.ActiveCfg = Release|Any CPU
		{ECC08EA9-8E1C-47FC-AEBC-B421425AA10A}.Release|Any CPU.Build.0 = Release|Any CPU
	EndGlobalSection
EndGlobal
